
Microsoft Visual Studio Solution File, Format Version 12.00
# Visual Studio Version 17
VisualStudioVersion = 17.12.35527.113
MinimumVisualStudioVersion = 10.0.40219.1
Project("{8BC9CEB8-8B4A-11D0-8D11-00A0C91BC942}") = "Dll1", "Dll1.vcxproj", "{7D45521D-6602-4A87-9BCC-EDD844356788}"
EndProject
Project("{8BC9CEB8-8B4A-11D0-8D11-00A0C91BC942}") = "ConsoleApplication1", "..\ConsoleApplication1\ConsoleApplication1.vcxproj", "{8C16B6B1-DDCE-4690-8E40-0450D1E0FF85}"
EndProject
Project("{2150E333-8FDC-42A3-9474-1A3956D46DE8}") = "Solution Items", "Solution Items", "{4B00B90D-77B2-4349-84EE-EDAE2CCFE396}"
	ProjectSection(SolutionItems) = preProject
		.gitignore = .gitignore
	EndProjectSection
EndProject
Project("{54435603-DBB4-11D2-8724-00A0C9A8B90C}") = "DllSetup", "..\DllSetup\DllSetup.vdproj", "{69C8038E-CBF2-92A0-FCE6-775D407DEBEC}"
EndProject
Project("{54435603-DBB4-11D2-8724-00A0C9A8B90C}") = "ExeSetup", "..\ExeSetup\ExeSetup.vdproj", "{1218BBEF-A70F-6F20-E85F-64127D730D27}"
EndProject
Global
	GlobalSection(SolutionConfigurationPlatforms) = preSolution
		Debug|x64 = Debug|x64
		Debug|x86 = Debug|x86
		Release|x64 = Release|x64
		Release|x86 = Release|x86
	EndGlobalSection
	GlobalSection(ProjectConfigurationPlatforms) = postSolution
		{7D45521D-6602-4A87-9BCC-EDD844356788}.Debug|x64.ActiveCfg = Debug|x64
		{7D45521D-6602-4A87-9BCC-EDD844356788}.Debug|x64.Build.0 = Debug|x64
		{7D45521D-6602-4A87-9BCC-EDD844356788}.Debug|x86.ActiveCfg = Debug|Win32
		{7D45521D-6602-4A87-9BCC-EDD844356788}.Debug|x86.Build.0 = Debug|Win32
		{7D45521D-6602-4A87-9BCC-EDD844356788}.Release|x64.ActiveCfg = Release|x64
		{7D45521D-6602-4A87-9BCC-EDD844356788}.Release|x64.Build.0 = Release|x64
		{7D45521D-6602-4A87-9BCC-EDD844356788}.Release|x86.ActiveCfg = Release|Win32
		{7D45521D-6602-4A87-9BCC-EDD844356788}.Release|x86.Build.0 = Release|Win32
		{8C16B6B1-DDCE-4690-8E40-0450D1E0FF85}.Debug|x64.ActiveCfg = Debug|x64
		{8C16B6B1-DDCE-4690-8E40-0450D1E0FF85}.Debug|x64.Build.0 = Debug|x64
		{8C16B6B1-DDCE-4690-8E40-0450D1E0FF85}.Debug|x86.ActiveCfg = Debug|Win32
		{8C16B6B1-DDCE-4690-8E40-0450D1E0FF85}.Debug|x86.Build.0 = Debug|Win32
		{8C16B6B1-DDCE-4690-8E40-0450D1E0FF85}.Release|x64.ActiveCfg = Release|x64
		{8C16B6B1-DDCE-4690-8E40-0450D1E0FF85}.Release|x64.Build.0 = Release|x64
		{8C16B6B1-DDCE-4690-8E40-0450D1E0FF85}.Release|x86.ActiveCfg = Release|Win32
		{8C16B6B1-DDCE-4690-8E40-0450D1E0FF85}.Release|x86.Build.0 = Release|Win32
		{69C8038E-CBF2-92A0-FCE6-775D407DEBEC}.Debug|x64.ActiveCfg = Debug
		{69C8038E-CBF2-92A0-FCE6-775D407DEBEC}.Debug|x86.ActiveCfg = Debug
		{69C8038E-CBF2-92A0-FCE6-775D407DEBEC}.Release|x64.ActiveCfg = Release
		{69C8038E-CBF2-92A0-FCE6-775D407DEBEC}.Release|x86.ActiveCfg = Release
		{1218BBEF-A70F-6F20-E85F-64127D730D27}.Debug|x64.ActiveCfg = Debug
		{1218BBEF-A70F-6F20-E85F-64127D730D27}.Debug|x86.ActiveCfg = Debug
		{1218BBEF-A70F-6F20-E85F-64127D730D27}.Release|x64.ActiveCfg = Release
		{1218BBEF-A70F-6F20-E85F-64127D730D27}.Release|x86.ActiveCfg = Release
	EndGlobalSection
	GlobalSection(SolutionProperties) = preSolution
		HideSolutionNode = FALSE
	EndGlobalSection
	GlobalSection(ExtensibilityGlobals) = postSolution
		SolutionGuid = {1FAE6B61-306F-4754-B997-4E5241F867B9}
	EndGlobalSection
EndGlobal
